// !$*UTF8*$!
{
	archiveVersion = 1;
	classes = {
	};
	objectVersion = 50;
	objects = {

/* Begin PBXBuildFile section */
		2AB674A620A49E4800AB1440 /* ObjectiveGit.framework in Frameworks */ = {isa = PBXBuildFile; fileRef = 2AB674A520A49E4800AB1440 /* ObjectiveGit.framework */; };
		2AB674A820A4AC7000AB1440 /* GitHubCredentials.swift in Sources */ = {isa = PBXBuildFile; fileRef = 2AB674A720A4AC7000AB1440 /* GitHubCredentials.swift */; };
		2AF9C0FA20A0C7F9008BA303 /* AppDelegate.swift in Sources */ = {isa = PBXBuildFile; fileRef = 2AF9C0F920A0C7F9008BA303 /* AppDelegate.swift */; };
		2AF9C0FC20A0C7F9008BA303 /* MasterViewController.swift in Sources */ = {isa = PBXBuildFile; fileRef = 2AF9C0FB20A0C7F9008BA303 /* MasterViewController.swift */; };
		2AF9C0FE20A0C7F9008BA303 /* DetailViewController.swift in Sources */ = {isa = PBXBuildFile; fileRef = 2AF9C0FD20A0C7F9008BA303 /* DetailViewController.swift */; };
		2AF9C10120A0C7F9008BA303 /* Main.storyboard in Resources */ = {isa = PBXBuildFile; fileRef = 2AF9C0FF20A0C7F9008BA303 /* Main.storyboard */; };
		2AF9C10320A0C7FB008BA303 /* Assets.xcassets in Resources */ = {isa = PBXBuildFile; fileRef = 2AF9C10220A0C7FB008BA303 /* Assets.xcassets */; };
		2AF9C10620A0C7FB008BA303 /* LaunchScreen.storyboard in Resources */ = {isa = PBXBuildFile; fileRef = 2AF9C10420A0C7FB008BA303 /* LaunchScreen.storyboard */; };
		2AF9C11020A0D11C008BA303 /* SwiftGit2.framework in Frameworks */ = {isa = PBXBuildFile; fileRef = 2AF9C10F20A0D11C008BA303 /* SwiftGit2.framework */; };
		2AF9C11220A0D231008BA303 /* Result.framework in Frameworks */ = {isa = PBXBuildFile; fileRef = 2AF9C11120A0D231008BA303 /* Result.framework */; };
		2AF9C11420A0D51E008BA303 /* NotesLoader.swift in Sources */ = {isa = PBXBuildFile; fileRef = 2AF9C11320A0D51E008BA303 /* NotesLoader.swift */; };
		2AF9C11620A0D90D008BA303 /* Note.swift in Sources */ = {isa = PBXBuildFile; fileRef = 2AF9C11520A0D90D008BA303 /* Note.swift */; };
		2AF9C11820A243A4008BA303 /* RepoLoader.swift in Sources */ = {isa = PBXBuildFile; fileRef = 2AF9C11720A243A4008BA303 /* RepoLoader.swift */; };
		2AF9C11B20A30EDE008BA303 /* Repository.swift in Sources */ = {isa = PBXBuildFile; fileRef = 2AF9C11A20A30EDE008BA303 /* Repository.swift */; };
		2AF9C11D20A3136B008BA303 /* NoteCreator.swift in Sources */ = {isa = PBXBuildFile; fileRef = 2AF9C11C20A3136B008BA303 /* NoteCreator.swift */; };
		2AF9C11F20A31C96008BA303 /* NewNoteDialog.swift in Sources */ = {isa = PBXBuildFile; fileRef = 2AF9C11E20A31C96008BA303 /* NewNoteDialog.swift */; };
		2AF9C12120A3245C008BA303 /* NoteCreationError.swift in Sources */ = {isa = PBXBuildFile; fileRef = 2AF9C12020A3245C008BA303 /* NoteCreationError.swift */; };
		2AF9C12320A328D2008BA303 /* NoteDeleter.swift in Sources */ = {isa = PBXBuildFile; fileRef = 2AF9C12220A328D2008BA303 /* NoteDeleter.swift */; };
		2AF9C12520A3293B008BA303 /* NoteDeletionError.swift in Sources */ = {isa = PBXBuildFile; fileRef = 2AF9C12420A3293B008BA303 /* NoteDeletionError.swift */; };
		2AF9C12720A33380008BA303 /* NoteUpdater.swift in Sources */ = {isa = PBXBuildFile; fileRef = 2AF9C12620A33380008BA303 /* NoteUpdater.swift */; };
/* End PBXBuildFile section */

/* Begin PBXFileReference section */
		2AB674A520A49E4800AB1440 /* ObjectiveGit.framework */ = {isa = PBXFileReference; lastKnownFileType = wrapper.framework; name = ObjectiveGit.framework; path = Carthage/Build/iOS/ObjectiveGit.framework; sourceTree = "<group>"; };
		2AB674A720A4AC7000AB1440 /* GitHubCredentials.swift */ = {isa = PBXFileReference; lastKnownFileType = sourcecode.swift; path = GitHubCredentials.swift; sourceTree = "<group>"; };
		2AF9C0F620A0C7F9008BA303 /* GitWriting.app */ = {isa = PBXFileReference; explicitFileType = wrapper.application; includeInIndex = 0; path = GitWriting.app; sourceTree = BUILT_PRODUCTS_DIR; };
		2AF9C0F920A0C7F9008BA303 /* AppDelegate.swift */ = {isa = PBXFileReference; lastKnownFileType = sourcecode.swift; path = AppDelegate.swift; sourceTree = "<group>"; };
		2AF9C0FB20A0C7F9008BA303 /* MasterViewController.swift */ = {isa = PBXFileReference; lastKnownFileType = sourcecode.swift; path = MasterViewController.swift; sourceTree = "<group>"; };
		2AF9C0FD20A0C7F9008BA303 /* DetailViewController.swift */ = {isa = PBXFileReference; lastKnownFileType = sourcecode.swift; path = DetailViewController.swift; sourceTree = "<group>"; };
		2AF9C10020A0C7F9008BA303 /* Base */ = {isa = PBXFileReference; lastKnownFileType = file.storyboard; name = Base; path = Base.lproj/Main.storyboard; sourceTree = "<group>"; };
		2AF9C10220A0C7FB008BA303 /* Assets.xcassets */ = {isa = PBXFileReference; lastKnownFileType = folder.assetcatalog; path = Assets.xcassets; sourceTree = "<group>"; };
		2AF9C10520A0C7FB008BA303 /* Base */ = {isa = PBXFileReference; lastKnownFileType = file.storyboard; name = Base; path = Base.lproj/LaunchScreen.storyboard; sourceTree = "<group>"; };
		2AF9C10720A0C7FB008BA303 /* Info.plist */ = {isa = PBXFileReference; lastKnownFileType = text.plist.xml; path = Info.plist; sourceTree = "<group>"; };
		2AF9C10F20A0D11C008BA303 /* SwiftGit2.framework */ = {isa = PBXFileReference; lastKnownFileType = wrapper.framework; name = SwiftGit2.framework; path = Carthage/Build/iOS/SwiftGit2.framework; sourceTree = "<group>"; };
		2AF9C11120A0D231008BA303 /* Result.framework */ = {isa = PBXFileReference; lastKnownFileType = wrapper.framework; name = Result.framework; path = Carthage/Build/iOS/Result.framework; sourceTree = "<group>"; };
		2AF9C11320A0D51E008BA303 /* NotesLoader.swift */ = {isa = PBXFileReference; lastKnownFileType = sourcecode.swift; path = NotesLoader.swift; sourceTree = "<group>"; };
		2AF9C11520A0D90D008BA303 /* Note.swift */ = {isa = PBXFileReference; lastKnownFileType = sourcecode.swift; path = Note.swift; sourceTree = "<group>"; };
		2AF9C11720A243A4008BA303 /* RepoLoader.swift */ = {isa = PBXFileReference; lastKnownFileType = sourcecode.swift; path = RepoLoader.swift; sourceTree = "<group>"; };
		2AF9C11A20A30EDE008BA303 /* Repository.swift */ = {isa = PBXFileReference; lastKnownFileType = sourcecode.swift; path = Repository.swift; sourceTree = "<group>"; };
		2AF9C11C20A3136B008BA303 /* NoteCreator.swift */ = {isa = PBXFileReference; lastKnownFileType = sourcecode.swift; path = NoteCreator.swift; sourceTree = "<group>"; };
		2AF9C11E20A31C96008BA303 /* NewNoteDialog.swift */ = {isa = PBXFileReference; lastKnownFileType = sourcecode.swift; path = NewNoteDialog.swift; sourceTree = "<group>"; };
		2AF9C12020A3245C008BA303 /* NoteCreationError.swift */ = {isa = PBXFileReference; lastKnownFileType = sourcecode.swift; path = NoteCreationError.swift; sourceTree = "<group>"; };
		2AF9C12220A328D2008BA303 /* NoteDeleter.swift */ = {isa = PBXFileReference; lastKnownFileType = sourcecode.swift; path = NoteDeleter.swift; sourceTree = "<group>"; };
		2AF9C12420A3293B008BA303 /* NoteDeletionError.swift */ = {isa = PBXFileReference; lastKnownFileType = sourcecode.swift; path = NoteDeletionError.swift; sourceTree = "<group>"; };
		2AF9C12620A33380008BA303 /* NoteUpdater.swift */ = {isa = PBXFileReference; lastKnownFileType = sourcecode.swift; path = NoteUpdater.swift; sourceTree = "<group>"; };
/* End PBXFileReference section */

/* Begin PBXFrameworksBuildPhase section */
		2AF9C0F320A0C7F9008BA303 /* Frameworks */ = {
			isa = PBXFrameworksBuildPhase;
			buildActionMask = 2147483647;
			files = (
				2AB674A620A49E4800AB1440 /* ObjectiveGit.framework in Frameworks */,
				2AF9C11220A0D231008BA303 /* Result.framework in Frameworks */,
				2AF9C11020A0D11C008BA303 /* SwiftGit2.framework in Frameworks */,
			);
			runOnlyForDeploymentPostprocessing = 0;
		};
/* End PBXFrameworksBuildPhase section */

/* Begin PBXGroup section */
		2AF9C0ED20A0C7F9008BA303 = {
			isa = PBXGroup;
			children = (
				2AF9C0F820A0C7F9008BA303 /* GitWriting */,
				2AF9C0F720A0C7F9008BA303 /* Products */,
				2AF9C10E20A0D11C008BA303 /* Frameworks */,
			);
			sourceTree = "<group>";
		};
		2AF9C0F720A0C7F9008BA303 /* Products */ = {
			isa = PBXGroup;
			children = (
				2AF9C0F620A0C7F9008BA303 /* GitWriting.app */,
			);
			name = Products;
			sourceTree = "<group>";
		};
		2AF9C0F820A0C7F9008BA303 /* GitWriting */ = {
			isa = PBXGroup;
			children = (
				2AF9C0F920A0C7F9008BA303 /* AppDelegate.swift */,
				2AF9C10220A0C7FB008BA303 /* Assets.xcassets */,
				2AF9C0FD20A0C7F9008BA303 /* DetailViewController.swift */,
				2AF9C11920A30ECA008BA303 /* Extensions */,
				2AB674A720A4AC7000AB1440 /* GitHubCredentials.swift */,
				2AF9C10720A0C7FB008BA303 /* Info.plist */,
				2AF9C10420A0C7FB008BA303 /* LaunchScreen.storyboard */,
				2AF9C0FF20A0C7F9008BA303 /* Main.storyboard */,
				2AF9C0FB20A0C7F9008BA303 /* MasterViewController.swift */,
				2AF9C11E20A31C96008BA303 /* NewNoteDialog.swift */,
				2AF9C11520A0D90D008BA303 /* Note.swift */,
				2AF9C12020A3245C008BA303 /* NoteCreationError.swift */,
				2AF9C11C20A3136B008BA303 /* NoteCreator.swift */,
				2AF9C12220A328D2008BA303 /* NoteDeleter.swift */,
				2AF9C12420A3293B008BA303 /* NoteDeletionError.swift */,
				2AF9C11320A0D51E008BA303 /* NotesLoader.swift */,
				2AF9C12620A33380008BA303 /* NoteUpdater.swift */,
				2AF9C11720A243A4008BA303 /* RepoLoader.swift */,
			);
			path = GitWriting;
			sourceTree = "<group>";
		};
		2AF9C10E20A0D11C008BA303 /* Frameworks */ = {
			isa = PBXGroup;
			children = (
				2AB674A520A49E4800AB1440 /* ObjectiveGit.framework */,
				2AF9C11120A0D231008BA303 /* Result.framework */,
				2AF9C10F20A0D11C008BA303 /* SwiftGit2.framework */,
			);
			name = Frameworks;
			sourceTree = "<group>";
		};
		2AF9C11920A30ECA008BA303 /* Extensions */ = {
			isa = PBXGroup;
			children = (
				2AF9C11A20A30EDE008BA303 /* Repository.swift */,
			);
			path = Extensions;
			sourceTree = "<group>";
		};
/* End PBXGroup section */

/* Begin PBXNativeTarget section */
		2AF9C0F520A0C7F9008BA303 /* GitWriting */ = {
			isa = PBXNativeTarget;
			buildConfigurationList = 2AF9C10A20A0C7FB008BA303 /* Build configuration list for PBXNativeTarget "GitWriting" */;
			buildPhases = (
				2AF9C0F220A0C7F9008BA303 /* Sources */,
				2AF9C0F320A0C7F9008BA303 /* Frameworks */,
				2AF9C0F420A0C7F9008BA303 /* Resources */,
				2AF9C10D20A0D00E008BA303 /* ShellScript */,
			);
			buildRules = (
			);
			dependencies = (
			);
			name = GitWriting;
			productName = GitWriting;
			productReference = 2AF9C0F620A0C7F9008BA303 /* GitWriting.app */;
			productType = "com.apple.product-type.application";
		};
/* End PBXNativeTarget section */

/* Begin PBXProject section */
		2AF9C0EE20A0C7F9008BA303 /* Project object */ = {
			isa = PBXProject;
			attributes = {
				LastSwiftUpdateCheck = 0930;
				LastUpgradeCheck = 0930;
				ORGANIZATIONNAME = "Ian Anderson";
				TargetAttributes = {
					2AF9C0F520A0C7F9008BA303 = {
						CreatedOnToolsVersion = 9.3;
					};
				};
			};
			buildConfigurationList = 2AF9C0F120A0C7F9008BA303 /* Build configuration list for PBXProject "GitWriting" */;
			compatibilityVersion = "Xcode 9.3";
			developmentRegion = en;
			hasScannedForEncodings = 0;
			knownRegions = (
				en,
				Base,
			);
			mainGroup = 2AF9C0ED20A0C7F9008BA303;
			productRefGroup = 2AF9C0F720A0C7F9008BA303 /* Products */;
			projectDirPath = "";
			projectRoot = "";
			targets = (
				2AF9C0F520A0C7F9008BA303 /* GitWriting */,
			);
		};
/* End PBXProject section */

/* Begin PBXResourcesBuildPhase section */
		2AF9C0F420A0C7F9008BA303 /* Resources */ = {
			isa = PBXResourcesBuildPhase;
			buildActionMask = 2147483647;
			files = (
				2AF9C10620A0C7FB008BA303 /* LaunchScreen.storyboard in Resources */,
				2AF9C10320A0C7FB008BA303 /* Assets.xcassets in Resources */,
				2AF9C10120A0C7F9008BA303 /* Main.storyboard in Resources */,
			);
			runOnlyForDeploymentPostprocessing = 0;
		};
/* End PBXResourcesBuildPhase section */

/* Begin PBXShellScriptBuildPhase section */
		2AF9C10D20A0D00E008BA303 /* ShellScript */ = {
			isa = PBXShellScriptBuildPhase;
			buildActionMask = 2147483647;
			files = (
			);
			inputPaths = (
				"$(SRCROOT)/Carthage/Build/iOS/SwiftGit2.framework",
				"$(SRCROOT)/Carthage/Build/iOS/Result.framework",
				"$(SRCROOT)/Carthage/Build/iOS/KeychainAccess.framework",
			);
			outputPaths = (
				"$(DERIVED_FILE_DIR)/$(FRAMEWORKS_FOLDER_PATH)/SwiftGit2.framework",
				"$(DERIVED_FILE_DIR)/$(FRAMEWORKS_FOLDER_PATH)/Result.framework",
				"$(DERIVED_FILE_DIR)/$(FRAMEWORKS_FOLDER_PATH)/KeychainAccess.framework",
			);
			runOnlyForDeploymentPostprocessing = 0;
			shellPath = /bin/sh;
			shellScript = "/usr/local/bin/carthage copy-frameworks";
		};
/* End PBXShellScriptBuildPhase section */

/* Begin PBXSourcesBuildPhase section */
		2AF9C0F220A0C7F9008BA303 /* Sources */ = {
			isa = PBXSourcesBuildPhase;
			buildActionMask = 2147483647;
			files = (
				2AF9C11B20A30EDE008BA303 /* Repository.swift in Sources */,
				2AF9C11820A243A4008BA303 /* RepoLoader.swift in Sources */,
				2AF9C12520A3293B008BA303 /* NoteDeletionError.swift in Sources */,
				2AF9C11F20A31C96008BA303 /* NewNoteDialog.swift in Sources */,
				2AF9C11D20A3136B008BA303 /* NoteCreator.swift in Sources */,
				2AF9C12720A33380008BA303 /* NoteUpdater.swift in Sources */,
				2AF9C12320A328D2008BA303 /* NoteDeleter.swift in Sources */,
				2AF9C11620A0D90D008BA303 /* Note.swift in Sources */,
				2AF9C12120A3245C008BA303 /* NoteCreationError.swift in Sources */,
				2AB674A820A4AC7000AB1440 /* GitHubCredentials.swift in Sources */,
				2AF9C11420A0D51E008BA303 /* NotesLoader.swift in Sources */,
				2AF9C0FE20A0C7F9008BA303 /* DetailViewController.swift in Sources */,
				2AF9C0FC20A0C7F9008BA303 /* MasterViewController.swift in Sources */,
				2AF9C0FA20A0C7F9008BA303 /* AppDelegate.swift in Sources */,
			);
			runOnlyForDeploymentPostprocessing = 0;
		};
/* End PBXSourcesBuildPhase section */

/* Begin PBXVariantGroup section */
		2AF9C0FF20A0C7F9008BA303 /* Main.storyboard */ = {
			isa = PBXVariantGroup;
			children = (
				2AF9C10020A0C7F9008BA303 /* Base */,
			);
			name = Main.storyboard;
			sourceTree = "<group>";
		};
		2AF9C10420A0C7FB008BA303 /* LaunchScreen.storyboard */ = {
			isa = PBXVariantGroup;
			children = (
				2AF9C10520A0C7FB008BA303 /* Base */,
			);
			name = LaunchScreen.storyboard;
			sourceTree = "<group>";
		};
/* End PBXVariantGroup section */

/* Begin XCBuildConfiguration section */
		2AF9C10820A0C7FB008BA303 /* Debug */ = {
			isa = XCBuildConfiguration;
			buildSettings = {
				ALWAYS_SEARCH_USER_PATHS = NO;
				CLANG_ANALYZER_NONNULL = YES;
				CLANG_ANALYZER_NUMBER_OBJECT_CONVERSION = YES_AGGRESSIVE;
				CLANG_CXX_LANGUAGE_STANDARD = "gnu++14";
				CLANG_CXX_LIBRARY = "libc++";
				CLANG_ENABLE_MODULES = YES;
				CLANG_ENABLE_OBJC_ARC = YES;
				CLANG_ENABLE_OBJC_WEAK = YES;
				CLANG_WARN_BLOCK_CAPTURE_AUTORELEASING = YES;
				CLANG_WARN_BOOL_CONVERSION = YES;
				CLANG_WARN_COMMA = YES;
				CLANG_WARN_CONSTANT_CONVERSION = YES;
				CLANG_WARN_DEPRECATED_OBJC_IMPLEMENTATIONS = YES;
				CLANG_WARN_DIRECT_OBJC_ISA_USAGE = YES_ERROR;
				CLANG_WARN_DOCUMENTATION_COMMENTS = YES;
				CLANG_WARN_EMPTY_BODY = YES;
				CLANG_WARN_ENUM_CONVERSION = YES;
				CLANG_WARN_INFINITE_RECURSION = YES;
				CLANG_WARN_INT_CONVERSION = YES;
				CLANG_WARN_NON_LITERAL_NULL_CONVERSION = YES;
				CLANG_WARN_OBJC_IMPLICIT_RETAIN_SELF = YES;
				CLANG_WARN_OBJC_LITERAL_CONVERSION = YES;
				CLANG_WARN_OBJC_ROOT_CLASS = YES_ERROR;
				CLANG_WARN_RANGE_LOOP_ANALYSIS = YES;
				CLANG_WARN_STRICT_PROTOTYPES = YES;
				CLANG_WARN_SUSPICIOUS_MOVE = YES;
				CLANG_WARN_UNGUARDED_AVAILABILITY = YES_AGGRESSIVE;
				CLANG_WARN_UNREACHABLE_CODE = YES;
				CLANG_WARN__DUPLICATE_METHOD_MATCH = YES;
				CODE_SIGN_IDENTITY = "iPhone Developer";
				COPY_PHASE_STRIP = NO;
				DEBUG_INFORMATION_FORMAT = dwarf;
				ENABLE_STRICT_OBJC_MSGSEND = YES;
				ENABLE_TESTABILITY = YES;
				GCC_C_LANGUAGE_STANDARD = gnu11;
				GCC_DYNAMIC_NO_PIC = NO;
				GCC_NO_COMMON_BLOCKS = YES;
				GCC_OPTIMIZATION_LEVEL = 0;
				GCC_PREPROCESSOR_DEFINITIONS = (
					"DEBUG=1",
					"$(inherited)",
				);
				GCC_WARN_64_TO_32_BIT_CONVERSION = YES;
				GCC_WARN_ABOUT_RETURN_TYPE = YES_ERROR;
				GCC_WARN_UNDECLARED_SELECTOR = YES;
				GCC_WARN_UNINITIALIZED_AUTOS = YES_AGGRESSIVE;
				GCC_WARN_UNUSED_FUNCTION = YES;
				GCC_WARN_UNUSED_VARIABLE = YES;
				IPHONEOS_DEPLOYMENT_TARGET = 11.3;
				MTL_ENABLE_DEBUG_INFO = YES;
				ONLY_ACTIVE_ARCH = YES;
				SDKROOT = iphoneos;
				SWIFT_ACTIVE_COMPILATION_CONDITIONS = DEBUG;
				SWIFT_OPTIMIZATION_LEVEL = "-Onone";
			};
			name = Debug;
		};
		2AF9C10920A0C7FB008BA303 /* Release */ = {
			isa = XCBuildConfiguration;
			buildSettings = {
				ALWAYS_SEARCH_USER_PATHS = NO;
				CLANG_ANALYZER_NONNULL = YES;
				CLANG_ANALYZER_NUMBER_OBJECT_CONVERSION = YES_AGGRESSIVE;
				CLANG_CXX_LANGUAGE_STANDARD = "gnu++14";
				CLANG_CXX_LIBRARY = "libc++";
				CLANG_ENABLE_MODULES = YES;
				CLANG_ENABLE_OBJC_ARC = YES;
				CLANG_ENABLE_OBJC_WEAK = YES;
				CLANG_WARN_BLOCK_CAPTURE_AUTORELEASING = YES;
				CLANG_WARN_BOOL_CONVERSION = YES;
				CLANG_WARN_COMMA = YES;
				CLANG_WARN_CONSTANT_CONVERSION = YES;
				CLANG_WARN_DEPRECATED_OBJC_IMPLEMENTATIONS = YES;
				CLANG_WARN_DIRECT_OBJC_ISA_USAGE = YES_ERROR;
				CLANG_WARN_DOCUMENTATION_COMMENTS = YES;
				CLANG_WARN_EMPTY_BODY = YES;
				CLANG_WARN_ENUM_CONVERSION = YES;
				CLANG_WARN_INFINITE_RECURSION = YES;
				CLANG_WARN_INT_CONVERSION = YES;
				CLANG_WARN_NON_LITERAL_NULL_CONVERSION = YES;
				CLANG_WARN_OBJC_IMPLICIT_RETAIN_SELF = YES;
				CLANG_WARN_OBJC_LITERAL_CONVERSION = YES;
				CLANG_WARN_OBJC_ROOT_CLASS = YES_ERROR;
				CLANG_WARN_RANGE_LOOP_ANALYSIS = YES;
				CLANG_WARN_STRICT_PROTOTYPES = YES;
				CLANG_WARN_SUSPICIOUS_MOVE = YES;
				CLANG_WARN_UNGUARDED_AVAILABILITY = YES_AGGRESSIVE;
				CLANG_WARN_UNREACHABLE_CODE = YES;
				CLANG_WARN__DUPLICATE_METHOD_MATCH = YES;
				CODE_SIGN_IDENTITY = "iPhone Developer";
				COPY_PHASE_STRIP = NO;
				DEBUG_INFORMATION_FORMAT = "dwarf-with-dsym";
				ENABLE_NS_ASSERTIONS = NO;
				ENABLE_STRICT_OBJC_MSGSEND = YES;
				GCC_C_LANGUAGE_STANDARD = gnu11;
				GCC_NO_COMMON_BLOCKS = YES;
				GCC_WARN_64_TO_32_BIT_CONVERSION = YES;
				GCC_WARN_ABOUT_RETURN_TYPE = YES_ERROR;
				GCC_WARN_UNDECLARED_SELECTOR = YES;
				GCC_WARN_UNINITIALIZED_AUTOS = YES_AGGRESSIVE;
				GCC_WARN_UNUSED_FUNCTION = YES;
				GCC_WARN_UNUSED_VARIABLE = YES;
				IPHONEOS_DEPLOYMENT_TARGET = 11.3;
				MTL_ENABLE_DEBUG_INFO = NO;
				SDKROOT = iphoneos;
				SWIFT_COMPILATION_MODE = wholemodule;
				SWIFT_OPTIMIZATION_LEVEL = "-O";
				VALIDATE_PRODUCT = YES;
			};
			name = Release;
		};
		2AF9C10B20A0C7FB008BA303 /* Debug */ = {
			isa = XCBuildConfiguration;
			buildSettings = {
				ASSETCATALOG_COMPILER_APPICON_NAME = AppIcon;
				CODE_SIGN_STYLE = Automatic;
				FRAMEWORK_SEARCH_PATHS = (
					"$(inherited)",
					"$(PROJECT_DIR)/Carthage/Build/iOS",
				);
				INFOPLIST_FILE = GitWriting/Info.plist;
				LD_RUNPATH_SEARCH_PATHS = (
					"$(inherited)",
					"@executable_path/Frameworks",
				);
				PRODUCT_BUNDLE_IDENTIFIER = com.iancanderson.GitWriting;
				PRODUCT_NAME = "$(TARGET_NAME)";
				SWIFT_VERSION = 4.0;
				TARGETED_DEVICE_FAMILY = "1,2";
			};
			name = Debug;
		};
		2AF9C10C20A0C7FB008BA303 /* Release */ = {
			isa = XCBuildConfiguration;
			buildSettings = {
				ASSETCATALOG_COMPILER_APPICON_NAME = AppIcon;
				CODE_SIGN_STYLE = Automatic;
				FRAMEWORK_SEARCH_PATHS = (
					"$(inherited)",
					"$(PROJECT_DIR)/Carthage/Build/iOS",
				);
				INFOPLIST_FILE = GitWriting/Info.plist;
				LD_RUNPATH_SEARCH_PATHS = (
					"$(inherited)",
					"@executable_path/Frameworks",
				);
				PRODUCT_BUNDLE_IDENTIFIER = com.iancanderson.GitWriting;
				PRODUCT_NAME = "$(TARGET_NAME)";
				SWIFT_VERSION = 4.0;
				TARGETED_DEVICE_FAMILY = "1,2";
			};
			name = Release;
		};
/* End XCBuildConfiguration section */

/* Begin XCConfigurationList section */
		2AF9C0F120A0C7F9008BA303 /* Build configuration list for PBXProject "GitWriting" */ = {
			isa = XCConfigurationList;
			buildConfigurations = (
				2AF9C10820A0C7FB008BA303 /* Debug */,
				2AF9C10920A0C7FB008BA303 /* Release */,
			);
			defaultConfigurationIsVisible = 0;
			defaultConfigurationName = Release;
		};
		2AF9C10A20A0C7FB008BA303 /* Build configuration list for PBXNativeTarget "GitWriting" */ = {
			isa = XCConfigurationList;
			buildConfigurations = (
				2AF9C10B20A0C7FB008BA303 /* Debug */,
				2AF9C10C20A0C7FB008BA303 /* Release */,
			);
			defaultConfigurationIsVisible = 0;
			defaultConfigurationName = Release;
		};
/* End XCConfigurationList section */
	};
	rootObject = 2AF9C0EE20A0C7F9008BA303 /* Project object */;
}
